
Microsoft Visual Studio Solution File, Format Version 12.00
# Visual Studio 15
Project("{FAE04EC0-301F-11D3-BF4B-00C04F79EFBC}") = "FileFS", "FileFS\FileFS.csproj", "{FC8636FD-913D-4AEA-A52D-42878A50148F}"
EndProject
Project("{FAE04EC0-301F-11D3-BF4B-00C04F79EFBC}") = "Test4FileFS", "Test4FileFS\Test4FileFS.csproj", "{EB593E5C-7D1D-4311-AD4C-F520DB1F7259}"
EndProject
Global
	GlobalSection(SolutionConfigurationPlatforms) = preSolution
		Debug|Any CPU = Debug|Any CPU
		Release|Any CPU = Release|Any CPU
	EndGlobalSection
	GlobalSection(ProjectConfigurationPlatforms) = postSolution
		{FC8636FD-913D-4AEA-A52D-42878A50148F}.Debug|Any CPU.ActiveCfg = Debug|Any CPU
		{FC8636FD-913D-4AEA-A52D-42878A50148F}.Debug|Any CPU.Build.0 = Debug|Any CPU
		{FC8636FD-913D-4AEA-A52D-42878A50148F}.Release|Any CPU.ActiveCfg = Release|Any CPU
		{FC8636FD-913D-4AEA-A52D-42878A50148F}.Release|Any CPU.Build.0 = Release|Any CPU
		{EB593E5C-7D1D-4311-AD4C-F520DB1F7259}.Debug|Any CPU.ActiveCfg = Debug|Any CPU
		{EB593E5C-7D1D-4311-AD4C-F520DB1F7259}.Debug|Any CPU.Build.0 = Debug|Any CPU
		{EB593E5C-7D1D-4311-AD4C-F520DB1F7259}.Release|Any CPU.ActiveCfg = Release|Any CPU
		{EB593E5C-7D1D-4311-AD4C-F520DB1F7259}.Release|Any CPU.Build.0 = Release|Any CPU
	EndGlobalSection
EndGlobal
